
Microsoft Visual Studio Solution File, Format Version 12.00
# Visual Studio Version 17
VisualStudioVersion = 17.5.002.0
MinimumVisualStudioVersion = 10.0.40219.1
Project("{2150E333-8FDC-42A3-9474-1A3956D46DE8}") = "csharp-prep", "csharp-prep", "{32085DBB-6BAD-42FC-AFDE-12AD32844330}"
EndProject
Project("{9A19103F-16F7-4668-BE54-9A1E7A4F7556}") = "Prep1", "csharp-prep\Prep1\Prep1.csproj", "{D8E5D932-B2FD-4489-9296-11874EC243CB}"
EndProject
Project("{9A19103F-16F7-4668-BE54-9A1E7A4F7556}") = "Prep2", "csharp-prep\Prep2\Prep2.csproj", "{EF89EFA4-4F19-4797-9171-F85802DAAF3C}"
EndProject
Project("{9A19103F-16F7-4668-BE54-9A1E7A4F7556}") = "Prep3", "csharp-prep\Prep3\Prep3.csproj", "{3DB853DB-1DBA-4B8F-BCA6-8497BBF7F8D3}"
EndProject
Project("{9A19103F-16F7-4668-BE54-9A1E7A4F7556}") = "Prep4", "csharp-prep\Prep4\Prep4.csproj", "{CDD556EC-EDD3-45FB-8780-8FDEC4101D2D}"
EndProject
Project("{9A19103F-16F7-4668-BE54-9A1E7A4F7556}") = "Prep5", "csharp-prep\Prep5\Prep5.csproj", "{C0247C8F-3B9F-4EDF-8A88-02AE87BB9AE8}"
EndProject
Project("{2150E333-8FDC-42A3-9474-1A3956D46DE8}") = "final", "final", "{DDE84C33-2D0D-4A43-BD8F-3E4A03D9853C}"
EndProject
Project("{9A19103F-16F7-4668-BE54-9A1E7A4F7556}") = "FinalProject", "final\FinalProject\FinalProject.csproj", "{D11EFA05-586C-4CDF-A9A0-BE3F9BD190FD}"
EndProject
Project("{9A19103F-16F7-4668-BE54-9A1E7A4F7556}") = "Foundation1", "final\Foundation1\Foundation1.csproj", "{E6458E09-BD88-4656-BE28-6475AAC5C17C}"
EndProject
Project("{9A19103F-16F7-4668-BE54-9A1E7A4F7556}") = "Foundation2", "final\Foundation2\Foundation2.csproj", "{E5E71078-98D2-4231-8D12-B29537B37BA8}"
EndProject
Project("{9A19103F-16F7-4668-BE54-9A1E7A4F7556}") = "Foundation3", "final\Foundation3\Foundation3.csproj", "{F1119B78-A57A-449B-8D44-A0EDADC6D309}"
EndProject
Project("{9A19103F-16F7-4668-BE54-9A1E7A4F7556}") = "Foundation4", "final\Foundation4\Foundation4.csproj", "{4ADF601E-C4E0-4FB0-A783-4B7986EE574B}"
EndProject
Project("{2150E333-8FDC-42A3-9474-1A3956D46DE8}") = "prepare", "prepare", "{CC3BF8C2-25CA-4AE3-8918-7290672332B7}"
EndProject
Project("{9A19103F-16F7-4668-BE54-9A1E7A4F7556}") = "Learning02", "prepare\Learning02\Learning02.csproj", "{A79D243B-798A-4E55-A3C0-B2BF495223CF}"
EndProject
Project("{9A19103F-16F7-4668-BE54-9A1E7A4F7556}") = "Learning03", "prepare\Learning03\Learning03.csproj", "{7D08328D-EC64-464B-812F-6282B61C95C0}"
EndProject
Project("{9A19103F-16F7-4668-BE54-9A1E7A4F7556}") = "Learning04", "prepare\Learning04\Learning04.csproj", "{DD484CCB-D550-43F3-BAC8-2C6BDDC7D01F}"
EndProject
Project("{9A19103F-16F7-4668-BE54-9A1E7A4F7556}") = "Learning05", "prepare\Learning05\Learning05.csproj", "{800CA87A-CEEA-4703-B255-D2E3D320938F}"
EndProject
Project("{2150E333-8FDC-42A3-9474-1A3956D46DE8}") = "prove", "prove", "{459F2B1E-1318-4F65-8C9B-E356E484F6FA}"
EndProject
Project("{9A19103F-16F7-4668-BE54-9A1E7A4F7556}") = "Develop02", "prove\Develop02\Develop02.csproj", "{88842F52-DDB8-4BC0-8865-A6AEF52E5CB9}"
EndProject
Project("{9A19103F-16F7-4668-BE54-9A1E7A4F7556}") = "Develop03", "prove\Develop03\Develop03.csproj", "{79920BDC-28B7-464F-8C91-A3A38803D867}"
EndProject
Project("{9A19103F-16F7-4668-BE54-9A1E7A4F7556}") = "Develop04", "prove\Develop04\Develop04.csproj", "{BA84B718-21A7-47A0-BB47-BCF93E542960}"
EndProject
Project("{9A19103F-16F7-4668-BE54-9A1E7A4F7556}") = "Develop05", "prove\Develop05\Develop05.csproj", "{43CA5853-41DB-4A92-89F9-76704B4CDBD7}"
EndProject
Project("{2150E333-8FDC-42A3-9474-1A3956D46DE8}") = "sandbox", "sandbox", "{EE3E2E07-C381-4DE4-8F8B-C7C8059F2E13}"
EndProject
Project("{9A19103F-16F7-4668-BE54-9A1E7A4F7556}") = "Sandbox", "sandbox\Sandbox\Sandbox.csproj", "{338FEC66-1B7A-42CE-B464-88B65D706FB1}"
EndProject
Global
	GlobalSection(SolutionConfigurationPlatforms) = preSolution
		Debug|Any CPU = Debug|Any CPU
		Release|Any CPU = Release|Any CPU
	EndGlobalSection
	GlobalSection(ProjectConfigurationPlatforms) = postSolution
		{D8E5D932-B2FD-4489-9296-11874EC243CB}.Debug|Any CPU.ActiveCfg = Debug|Any CPU
		{D8E5D932-B2FD-4489-9296-11874EC243CB}.Debug|Any CPU.Build.0 = Debug|Any CPU
		{D8E5D932-B2FD-4489-9296-11874EC243CB}.Release|Any CPU.ActiveCfg = Release|Any CPU
		{D8E5D932-B2FD-4489-9296-11874EC243CB}.Release|Any CPU.Build.0 = Release|Any CPU
		{EF89EFA4-4F19-4797-9171-F85802DAAF3C}.Debug|Any CPU.ActiveCfg = Debug|Any CPU
		{EF89EFA4-4F19-4797-9171-F85802DAAF3C}.Debug|Any CPU.Build.0 = Debug|Any CPU
		{EF89EFA4-4F19-4797-9171-F85802DAAF3C}.Release|Any CPU.ActiveCfg = Release|Any CPU
		{EF89EFA4-4F19-4797-9171-F85802DAAF3C}.Release|Any CPU.Build.0 = Release|Any CPU
		{3DB853DB-1DBA-4B8F-BCA6-8497BBF7F8D3}.Debug|Any CPU.ActiveCfg = Debug|Any CPU
		{3DB853DB-1DBA-4B8F-BCA6-8497BBF7F8D3}.Debug|Any CPU.Build.0 = Debug|Any CPU
		{3DB853DB-1DBA-4B8F-BCA6-8497BBF7F8D3}.Release|Any CPU.ActiveCfg = Release|Any CPU
		{3DB853DB-1DBA-4B8F-BCA6-8497BBF7F8D3}.Release|Any CPU.Build.0 = Release|Any CPU
		{CDD556EC-EDD3-45FB-8780-8FDEC4101D2D}.Debug|Any CPU.ActiveCfg = Debug|Any CPU
		{CDD556EC-EDD3-45FB-8780-8FDEC4101D2D}.Debug|Any CPU.Build.0 = Debug|Any CPU
		{CDD556EC-EDD3-45FB-8780-8FDEC4101D2D}.Release|Any CPU.ActiveCfg = Release|Any CPU
		{CDD556EC-EDD3-45FB-8780-8FDEC4101D2D}.Release|Any CPU.Build.0 = Release|Any CPU
		{C0247C8F-3B9F-4EDF-8A88-02AE87BB9AE8}.Debug|Any CPU.ActiveCfg = Debug|Any CPU
		{C0247C8F-3B9F-4EDF-8A88-02AE87BB9AE8}.Debug|Any CPU.Build.0 = Debug|Any CPU
		{C0247C8F-3B9F-4EDF-8A88-02AE87BB9AE8}.Release|Any CPU.ActiveCfg = Release|Any CPU
		{C0247C8F-3B9F-4EDF-8A88-02AE87BB9AE8}.Release|Any CPU.Build.0 = Release|Any CPU
		{D11EFA05-586C-4CDF-A9A0-BE3F9BD190FD}.Debug|Any CPU.ActiveCfg = Debug|Any CPU
		{D11EFA05-586C-4CDF-A9A0-BE3F9BD190FD}.Debug|Any CPU.Build.0 = Debug|Any CPU
		{D11EFA05-586C-4CDF-A9A0-BE3F9BD190FD}.Release|Any CPU.ActiveCfg = Release|Any CPU
		{D11EFA05-586C-4CDF-A9A0-BE3F9BD190FD}.Release|Any CPU.Build.0 = Release|Any CPU
		{E6458E09-BD88-4656-BE28-6475AAC5C17C}.Debug|Any CPU.ActiveCfg = Debug|Any CPU
		{E6458E09-BD88-4656-BE28-6475AAC5C17C}.Debug|Any CPU.Build.0 = Debug|Any CPU
		{E6458E09-BD88-4656-BE28-6475AAC5C17C}.Release|Any CPU.ActiveCfg = Release|Any CPU
		{E6458E09-BD88-4656-BE28-6475AAC5C17C}.Release|Any CPU.Build.0 = Release|Any CPU
		{E5E71078-98D2-4231-8D12-B29537B37BA8}.Debug|Any CPU.ActiveCfg = Debug|Any CPU
		{E5E71078-98D2-4231-8D12-B29537B37BA8}.Debug|Any CPU.Build.0 = Debug|Any CPU
		{E5E71078-98D2-4231-8D12-B29537B37BA8}.Release|Any CPU.ActiveCfg = Release|Any CPU
		{E5E71078-98D2-4231-8D12-B29537B37BA8}.Release|Any CPU.Build.0 = Release|Any CPU
		{F1119B78-A57A-449B-8D44-A0EDADC6D309}.Debug|Any CPU.ActiveCfg = Debug|Any CPU
		{F1119B78-A57A-449B-8D44-A0EDADC6D309}.Debug|Any CPU.Build.0 = Debug|Any CPU
		{F1119B78-A57A-449B-8D44-A0EDADC6D309}.Release|Any CPU.ActiveCfg = Release|Any CPU
		{F1119B78-A57A-449B-8D44-A0EDADC6D309}.Release|Any CPU.Build.0 = Release|Any CPU
		{4ADF601E-C4E0-4FB0-A783-4B7986EE574B}.Debug|Any CPU.ActiveCfg = Debug|Any CPU
		{4ADF601E-C4E0-4FB0-A783-4B7986EE574B}.Debug|Any CPU.Build.0 = Debug|Any CPU
		{4ADF601E-C4E0-4FB0-A783-4B7986EE574B}.Release|Any CPU.ActiveCfg = Release|Any CPU
		{4ADF601E-C4E0-4FB0-A783-4B7986EE574B}.Release|Any CPU.Build.0 = Release|Any CPU
		{A79D243B-798A-4E55-A3C0-B2BF495223CF}.Debug|Any CPU.ActiveCfg = Debug|Any CPU
		{A79D243B-798A-4E55-A3C0-B2BF495223CF}.Debug|Any CPU.Build.0 = Debug|Any CPU
		{A79D243B-798A-4E55-A3C0-B2BF495223CF}.Release|Any CPU.ActiveCfg = Release|Any CPU
		{A79D243B-798A-4E55-A3C0-B2BF495223CF}.Release|Any CPU.Build.0 = Release|Any CPU
		{7D08328D-EC64-464B-812F-6282B61C95C0}.Debug|Any CPU.ActiveCfg = Debug|Any CPU
		{7D08328D-EC64-464B-812F-6282B61C95C0}.Debug|Any CPU.Build.0 = Debug|Any CPU
		{7D08328D-EC64-464B-812F-6282B61C95C0}.Release|Any CPU.ActiveCfg = Release|Any CPU
		{7D08328D-EC64-464B-812F-6282B61C95C0}.Release|Any CPU.Build.0 = Release|Any CPU
		{DD484CCB-D550-43F3-BAC8-2C6BDDC7D01F}.Debug|Any CPU.ActiveCfg = Debug|Any CPU
		{DD484CCB-D550-43F3-BAC8-2C6BDDC7D01F}.Debug|Any CPU.Build.0 = Debug|Any CPU
		{DD484CCB-D550-43F3-BAC8-2C6BDDC7D01F}.Release|Any CPU.ActiveCfg = Release|Any CPU
		{DD484CCB-D550-43F3-BAC8-2C6BDDC7D01F}.Release|Any CPU.Build.0 = Release|Any CPU
		{800CA87A-CEEA-4703-B255-D2E3D320938F}.Debug|Any CPU.ActiveCfg = Debug|Any CPU
		{800CA87A-CEEA-4703-B255-D2E3D320938F}.Debug|Any CPU.Build.0 = Debug|Any CPU
		{800CA87A-CEEA-4703-B255-D2E3D320938F}.Release|Any CPU.ActiveCfg = Release|Any CPU
		{800CA87A-CEEA-4703-B255-D2E3D320938F}.Release|Any CPU.Build.0 = Release|Any CPU
		{88842F52-DDB8-4BC0-8865-A6AEF52E5CB9}.Debug|Any CPU.ActiveCfg = Debug|Any CPU
		{88842F52-DDB8-4BC0-8865-A6AEF52E5CB9}.Debug|Any CPU.Build.0 = Debug|Any CPU
		{88842F52-DDB8-4BC0-8865-A6AEF52E5CB9}.Release|Any CPU.ActiveCfg = Release|Any CPU
		{88842F52-DDB8-4BC0-8865-A6AEF52E5CB9}.Release|Any CPU.Build.0 = Release|Any CPU
		{79920BDC-28B7-464F-8C91-A3A38803D867}.Debug|Any CPU.ActiveCfg = Debug|Any CPU
		{79920BDC-28B7-464F-8C91-A3A38803D867}.Debug|Any CPU.Build.0 = Debug|Any CPU
		{79920BDC-28B7-464F-8C91-A3A38803D867}.Release|Any CPU.ActiveCfg = Release|Any CPU
		{79920BDC-28B7-464F-8C91-A3A38803D867}.Release|Any CPU.Build.0 = Release|Any CPU
		{BA84B718-21A7-47A0-BB47-BCF93E542960}.Debug|Any CPU.ActiveCfg = Debug|Any CPU
		{BA84B718-21A7-47A0-BB47-BCF93E542960}.Debug|Any CPU.Build.0 = Debug|Any CPU
		{BA84B718-21A7-47A0-BB47-BCF93E542960}.Release|Any CPU.ActiveCfg = Release|Any CPU
		{BA84B718-21A7-47A0-BB47-BCF93E542960}.Release|Any CPU.Build.0 = Release|Any CPU
		{43CA5853-41DB-4A92-89F9-76704B4CDBD7}.Debug|Any CPU.ActiveCfg = Debug|Any CPU
		{43CA5853-41DB-4A92-89F9-76704B4CDBD7}.Debug|Any CPU.Build.0 = Debug|Any CPU
		{43CA5853-41DB-4A92-89F9-76704B4CDBD7}.Release|Any CPU.ActiveCfg = Release|Any CPU
		{43CA5853-41DB-4A92-89F9-76704B4CDBD7}.Release|Any CPU.Build.0 = Release|Any CPU
		{338FEC66-1B7A-42CE-B464-88B65D706FB1}.Debug|Any CPU.ActiveCfg = Debug|Any CPU
		{338FEC66-1B7A-42CE-B464-88B65D706FB1}.Debug|Any CPU.Build.0 = Debug|Any CPU
		{338FEC66-1B7A-42CE-B464-88B65D706FB1}.Release|Any CPU.ActiveCfg = Release|Any CPU
		{338FEC66-1B7A-42CE-B464-88B65D706FB1}.Release|Any CPU.Build.0 = Release|Any CPU
	EndGlobalSection
	GlobalSection(SolutionProperties) = preSolution
		HideSolutionNode = FALSE
	EndGlobalSection
	GlobalSection(NestedProjects) = preSolution
		{D8E5D932-B2FD-4489-9296-11874EC243CB} = {32085DBB-6BAD-42FC-AFDE-12AD32844330}
		{EF89EFA4-4F19-4797-9171-F85802DAAF3C} = {32085DBB-6BAD-42FC-AFDE-12AD32844330}
		{3DB853DB-1DBA-4B8F-BCA6-8497BBF7F8D3} = {32085DBB-6BAD-42FC-AFDE-12AD32844330}
		{CDD556EC-EDD3-45FB-8780-8FDEC4101D2D} = {32085DBB-6BAD-42FC-AFDE-12AD32844330}
		{C0247C8F-3B9F-4EDF-8A88-02AE87BB9AE8} = {32085DBB-6BAD-42FC-AFDE-12AD32844330}
		{D11EFA05-586C-4CDF-A9A0-BE3F9BD190FD} = {DDE84C33-2D0D-4A43-BD8F-3E4A03D9853C}
		{E6458E09-BD88-4656-BE28-6475AAC5C17C} = {DDE84C33-2D0D-4A43-BD8F-3E4A03D9853C}
		{E5E71078-98D2-4231-8D12-B29537B37BA8} = {DDE84C33-2D0D-4A43-BD8F-3E4A03D9853C}
		{F1119B78-A57A-449B-8D44-A0EDADC6D309} = {DDE84C33-2D0D-4A43-BD8F-3E4A03D9853C}
		{4ADF601E-C4E0-4FB0-A783-4B7986EE574B} = {DDE84C33-2D0D-4A43-BD8F-3E4A03D9853C}
		{A79D243B-798A-4E55-A3C0-B2BF495223CF} = {CC3BF8C2-25CA-4AE3-8918-7290672332B7}
		{7D08328D-EC64-464B-812F-6282B61C95C0} = {CC3BF8C2-25CA-4AE3-8918-7290672332B7}
		{DD484CCB-D550-43F3-BAC8-2C6BDDC7D01F} = {CC3BF8C2-25CA-4AE3-8918-7290672332B7}
		{800CA87A-CEEA-4703-B255-D2E3D320938F} = {CC3BF8C2-25CA-4AE3-8918-7290672332B7}
		{88842F52-DDB8-4BC0-8865-A6AEF52E5CB9} = {459F2B1E-1318-4F65-8C9B-E356E484F6FA}
		{79920BDC-28B7-464F-8C91-A3A38803D867} = {459F2B1E-1318-4F65-8C9B-E356E484F6FA}
		{BA84B718-21A7-47A0-BB47-BCF93E542960} = {459F2B1E-1318-4F65-8C9B-E356E484F6FA}
		{43CA5853-41DB-4A92-89F9-76704B4CDBD7} = {459F2B1E-1318-4F65-8C9B-E356E484F6FA}
		{338FEC66-1B7A-42CE-B464-88B65D706FB1} = {EE3E2E07-C381-4DE4-8F8B-C7C8059F2E13}
	EndGlobalSection
	GlobalSection(ExtensibilityGlobals) = postSolution
		SolutionGuid = {B8424F03-924E-4BA1-9D9E-395030FCC805}
	EndGlobalSection
EndGlobal
